// !$*UTF8*$!
{
	archiveVersion = 1;
	classes = {
	};
	objectVersion = 55;
	objects = {

/* Begin PBXBuildFile section */
		6B9245285378C392B65EE8D4 /* Pods_ForecastApp.framework in Frameworks */ = {isa = PBXBuildFile; fileRef = 18D4AF8FA4634C58B32C349E /* Pods_ForecastApp.framework */; };
		BD43B4BF556203578906DB47 /* Pods_ForecastApp_ForecastAppUITests.framework in Frameworks */ = {isa = PBXBuildFile; fileRef = 49E5386654EF68EBF5E716E6 /* Pods_ForecastApp_ForecastAppUITests.framework */; };
		E8DEDCE51E2CD0C5405D997F /* Pods_ForecastAppTests.framework in Frameworks */ = {isa = PBXBuildFile; fileRef = F11C1CC57E59AAC67B0A71C8 /* Pods_ForecastAppTests.framework */; };
		F619FEFD28681E9F0053F126 /* dayRain.json in Resources */ = {isa = PBXBuildFile; fileRef = F619FEEB28681E9D0053F126 /* dayRain.json */; };
		F619FEFE28681E9F0053F126 /* dayClearSky.json in Resources */ = {isa = PBXBuildFile; fileRef = F619FEEC28681E9D0053F126 /* dayClearSky.json */; };
		F619FEFF28681E9F0053F126 /* dayScatteredClouds.json in Resources */ = {isa = PBXBuildFile; fileRef = F619FEED28681E9D0053F126 /* dayScatteredClouds.json */; };
		F619FF0028681E9F0053F126 /* nightFewClouds.json in Resources */ = {isa = PBXBuildFile; fileRef = F619FEEE28681E9D0053F126 /* nightFewClouds.json */; };
		F619FF0128681E9F0053F126 /* dayShowerRains.json in Resources */ = {isa = PBXBuildFile; fileRef = F619FEEF28681E9D0053F126 /* dayShowerRains.json */; };
		F619FF0228681E9F0053F126 /* dayBrokenClouds.json in Resources */ = {isa = PBXBuildFile; fileRef = F619FEF028681E9E0053F126 /* dayBrokenClouds.json */; };
		F619FF0328681E9F0053F126 /* nightRain.json in Resources */ = {isa = PBXBuildFile; fileRef = F619FEF128681E9E0053F126 /* nightRain.json */; };
		F619FF0428681EA00053F126 /* nightMist.json in Resources */ = {isa = PBXBuildFile; fileRef = F619FEF228681E9E0053F126 /* nightMist.json */; };
		F619FF0528681EA00053F126 /* nightClearSky.json in Resources */ = {isa = PBXBuildFile; fileRef = F619FEF328681E9E0053F126 /* nightClearSky.json */; };
		F619FF0628681EA00053F126 /* nightShowerRains.json in Resources */ = {isa = PBXBuildFile; fileRef = F619FEF428681E9E0053F126 /* nightShowerRains.json */; };
		F619FF0728681EA00053F126 /* dayThunderstorm.json in Resources */ = {isa = PBXBuildFile; fileRef = F619FEF528681E9E0053F126 /* dayThunderstorm.json */; };
		F619FF0828681EA00053F126 /* nightScatteredClouds.json in Resources */ = {isa = PBXBuildFile; fileRef = F619FEF628681E9F0053F126 /* nightScatteredClouds.json */; };
		F619FF0928681EA00053F126 /* dayFewClouds.json in Resources */ = {isa = PBXBuildFile; fileRef = F619FEF728681E9F0053F126 /* dayFewClouds.json */; };
		F619FF0A28681EA00053F126 /* nightBrokenClouds.json in Resources */ = {isa = PBXBuildFile; fileRef = F619FEF828681E9F0053F126 /* nightBrokenClouds.json */; };
		F619FF0B28681EA00053F126 /* nightThunderstorm.json in Resources */ = {isa = PBXBuildFile; fileRef = F619FEF928681E9F0053F126 /* nightThunderstorm.json */; };
		F619FF0C28681EA00053F126 /* daySnow.json in Resources */ = {isa = PBXBuildFile; fileRef = F619FEFA28681E9F0053F126 /* daySnow.json */; };
		F619FF0D28681EA00053F126 /* dayMist.json in Resources */ = {isa = PBXBuildFile; fileRef = F619FEFB28681E9F0053F126 /* dayMist.json */; };
		F619FF0E28681EA00053F126 /* nightSnow.json in Resources */ = {isa = PBXBuildFile; fileRef = F619FEFC28681E9F0053F126 /* nightSnow.json */; };
		F62C5D8D286761C300DCB275 /* WeatherModel.swift in Sources */ = {isa = PBXBuildFile; fileRef = F62C5D8C286761C300DCB275 /* WeatherModel.swift */; };
		F62C5D8F286761EE00DCB275 /* WeatherResponse.swift in Sources */ = {isa = PBXBuildFile; fileRef = F62C5D8E286761EE00DCB275 /* WeatherResponse.swift */; };
		F62C5D912867621600DCB275 /* WeatherService.swift in Sources */ = {isa = PBXBuildFile; fileRef = F62C5D902867621600DCB275 /* WeatherService.swift */; };
		F62C5D932867626B00DCB275 /* WeatherViewModel.swift in Sources */ = {isa = PBXBuildFile; fileRef = F62C5D922867626B00DCB275 /* WeatherViewModel.swift */; };
		F62C5D952867628900DCB275 /* APIManager.swift in Sources */ = {isa = PBXBuildFile; fileRef = F62C5D942867628900DCB275 /* APIManager.swift */; };
		F62C5D972867F78800DCB275 /* ApiError.swift in Sources */ = {isa = PBXBuildFile; fileRef = F62C5D962867F78800DCB275 /* ApiError.swift */; };
		F62C5D992867F8A800DCB275 /* Extensions.swift in Sources */ = {isa = PBXBuildFile; fileRef = F62C5D982867F8A800DCB275 /* Extensions.swift */; };
		F62F7AEE286AAA2600E43153 /* HourlyWeatherCollectionViewCell.swift in Sources */ = {isa = PBXBuildFile; fileRef = F62F7AED286AAA2500E43153 /* HourlyWeatherCollectionViewCell.swift */; };
		F62F7AF0286AB24C00E43153 /* ForecastResponse.swift in Sources */ = {isa = PBXBuildFile; fileRef = F62F7AEF286AB24C00E43153 /* ForecastResponse.swift */; };
		F62F7AF2286AB54600E43153 /* ForecastModel.swift in Sources */ = {isa = PBXBuildFile; fileRef = F62F7AF1286AB54600E43153 /* ForecastModel.swift */; };
		F62F7AF4286AB65300E43153 /* ForecastService.swift in Sources */ = {isa = PBXBuildFile; fileRef = F62F7AF3286AB65300E43153 /* ForecastService.swift */; };
		F634115C286D433200F41C17 /* LoadingState.swift in Sources */ = {isa = PBXBuildFile; fileRef = F634115B286D433200F41C17 /* LoadingState.swift */; };
		F68B95A2286BFAB9004EA340 /* AddCityViewController.swift in Sources */ = {isa = PBXBuildFile; fileRef = F68B95A1286BFAB9004EA340 /* AddCityViewController.swift */; };
		F68B95A4286C03BF004EA340 /* CityNameTableViewCell.swift in Sources */ = {isa = PBXBuildFile; fileRef = F68B95A3286C03BF004EA340 /* CityNameTableViewCell.swift */; };
		F6D5F89128673D4E006C6E01 /* AppDelegate.swift in Sources */ = {isa = PBXBuildFile; fileRef = F6D5F89028673D4E006C6E01 /* AppDelegate.swift */; };
		F6D5F89328673D4E006C6E01 /* SceneDelegate.swift in Sources */ = {isa = PBXBuildFile; fileRef = F6D5F89228673D4E006C6E01 /* SceneDelegate.swift */; };
		F6D5F89B28673D4E006C6E01 /* ForecastApp.xcdatamodeld in Sources */ = {isa = PBXBuildFile; fileRef = F6D5F89928673D4E006C6E01 /* ForecastApp.xcdatamodeld */; };
		F6D5F89D28673D50006C6E01 /* Assets.xcassets in Resources */ = {isa = PBXBuildFile; fileRef = F6D5F89C28673D50006C6E01 /* Assets.xcassets */; };
		F6D5F8A028673D50006C6E01 /* LaunchScreen.storyboard in Resources */ = {isa = PBXBuildFile; fileRef = F6D5F89E28673D50006C6E01 /* LaunchScreen.storyboard */; };
		F6D5F8AB28673D50006C6E01 /* ForecastAppTests.swift in Sources */ = {isa = PBXBuildFile; fileRef = F6D5F8AA28673D50006C6E01 /* ForecastAppTests.swift */; };
		F6D5F8B528673D50006C6E01 /* ForecastAppUITests.swift in Sources */ = {isa = PBXBuildFile; fileRef = F6D5F8B428673D50006C6E01 /* ForecastAppUITests.swift */; };
		F6D5F8B728673D50006C6E01 /* ForecastAppUITestsLaunchTests.swift in Sources */ = {isa = PBXBuildFile; fileRef = F6D5F8B628673D50006C6E01 /* ForecastAppUITestsLaunchTests.swift */; };
		F6D5F8C628673FA6006C6E01 /* WeatherViewController.swift in Sources */ = {isa = PBXBuildFile; fileRef = F6D5F8C528673FA6006C6E01 /* WeatherViewController.swift */; };
/* End PBXBuildFile section */

/* Begin PBXContainerItemProxy section */
		F6D5F8A728673D50006C6E01 /* PBXContainerItemProxy */ = {
			isa = PBXContainerItemProxy;
			containerPortal = F6D5F88528673D4E006C6E01 /* Project object */;
			proxyType = 1;
			remoteGlobalIDString = F6D5F88C28673D4E006C6E01;
			remoteInfo = ForecastApp;
		};
		F6D5F8B128673D50006C6E01 /* PBXContainerItemProxy */ = {
			isa = PBXContainerItemProxy;
			containerPortal = F6D5F88528673D4E006C6E01 /* Project object */;
			proxyType = 1;
			remoteGlobalIDString = F6D5F88C28673D4E006C6E01;
			remoteInfo = ForecastApp;
		};
/* End PBXContainerItemProxy section */

/* Begin PBXFileReference section */
		18D4AF8FA4634C58B32C349E /* Pods_ForecastApp.framework */ = {isa = PBXFileReference; explicitFileType = wrapper.framework; includeInIndex = 0; path = Pods_ForecastApp.framework; sourceTree = BUILT_PRODUCTS_DIR; };
		21E7AC1E0959B38D54DA4227 /* Pods-ForecastAppTests.release.xcconfig */ = {isa = PBXFileReference; includeInIndex = 1; lastKnownFileType = text.xcconfig; name = "Pods-ForecastAppTests.release.xcconfig"; path = "Target Support Files/Pods-ForecastAppTests/Pods-ForecastAppTests.release.xcconfig"; sourceTree = "<group>"; };
		311F93B7D75EE11B4C693B23 /* Pods-ForecastApp-ForecastAppUITests.debug.xcconfig */ = {isa = PBXFileReference; includeInIndex = 1; lastKnownFileType = text.xcconfig; name = "Pods-ForecastApp-ForecastAppUITests.debug.xcconfig"; path = "Target Support Files/Pods-ForecastApp-ForecastAppUITests/Pods-ForecastApp-ForecastAppUITests.debug.xcconfig"; sourceTree = "<group>"; };
		49E5386654EF68EBF5E716E6 /* Pods_ForecastApp_ForecastAppUITests.framework */ = {isa = PBXFileReference; explicitFileType = wrapper.framework; includeInIndex = 0; path = Pods_ForecastApp_ForecastAppUITests.framework; sourceTree = BUILT_PRODUCTS_DIR; };
		7F85FB8E45C65CABC8DDF3B1 /* Pods-ForecastApp.release.xcconfig */ = {isa = PBXFileReference; includeInIndex = 1; lastKnownFileType = text.xcconfig; name = "Pods-ForecastApp.release.xcconfig"; path = "Target Support Files/Pods-ForecastApp/Pods-ForecastApp.release.xcconfig"; sourceTree = "<group>"; };
		812A6835A18BEF27B1E6079F /* Pods-ForecastApp-ForecastAppUITests.release.xcconfig */ = {isa = PBXFileReference; includeInIndex = 1; lastKnownFileType = text.xcconfig; name = "Pods-ForecastApp-ForecastAppUITests.release.xcconfig"; path = "Target Support Files/Pods-ForecastApp-ForecastAppUITests/Pods-ForecastApp-ForecastAppUITests.release.xcconfig"; sourceTree = "<group>"; };
		9D1218A1FFCEF89058B024E5 /* Pods-ForecastApp.debug.xcconfig */ = {isa = PBXFileReference; includeInIndex = 1; lastKnownFileType = text.xcconfig; name = "Pods-ForecastApp.debug.xcconfig"; path = "Target Support Files/Pods-ForecastApp/Pods-ForecastApp.debug.xcconfig"; sourceTree = "<group>"; };
		D42EA86E724884257828C4A7 /* Pods-ForecastAppTests.debug.xcconfig */ = {isa = PBXFileReference; includeInIndex = 1; lastKnownFileType = text.xcconfig; name = "Pods-ForecastAppTests.debug.xcconfig"; path = "Target Support Files/Pods-ForecastAppTests/Pods-ForecastAppTests.debug.xcconfig"; sourceTree = "<group>"; };
		F11C1CC57E59AAC67B0A71C8 /* Pods_ForecastAppTests.framework */ = {isa = PBXFileReference; explicitFileType = wrapper.framework; includeInIndex = 0; path = Pods_ForecastAppTests.framework; sourceTree = BUILT_PRODUCTS_DIR; };
		F619FEEB28681E9D0053F126 /* dayRain.json */ = {isa = PBXFileReference; fileEncoding = 4; lastKnownFileType = text.json; path = dayRain.json; sourceTree = "<group>"; };
		F619FEEC28681E9D0053F126 /* dayClearSky.json */ = {isa = PBXFileReference; fileEncoding = 4; lastKnownFileType = text.json; path = dayClearSky.json; sourceTree = "<group>"; };
		F619FEED28681E9D0053F126 /* dayScatteredClouds.json */ = {isa = PBXFileReference; fileEncoding = 4; lastKnownFileType = text.json; path = dayScatteredClouds.json; sourceTree = "<group>"; };
		F619FEEE28681E9D0053F126 /* nightFewClouds.json */ = {isa = PBXFileReference; fileEncoding = 4; lastKnownFileType = text.json; path = nightFewClouds.json; sourceTree = "<group>"; };
		F619FEEF28681E9D0053F126 /* dayShowerRains.json */ = {isa = PBXFileReference; fileEncoding = 4; lastKnownFileType = text.json; path = dayShowerRains.json; sourceTree = "<group>"; };
		F619FEF028681E9E0053F126 /* dayBrokenClouds.json */ = {isa = PBXFileReference; fileEncoding = 4; lastKnownFileType = text.json; path = dayBrokenClouds.json; sourceTree = "<group>"; };
		F619FEF128681E9E0053F126 /* nightRain.json */ = {isa = PBXFileReference; fileEncoding = 4; lastKnownFileType = text.json; path = nightRain.json; sourceTree = "<group>"; };
		F619FEF228681E9E0053F126 /* nightMist.json */ = {isa = PBXFileReference; fileEncoding = 4; lastKnownFileType = text.json; path = nightMist.json; sourceTree = "<group>"; };
		F619FEF328681E9E0053F126 /* nightClearSky.json */ = {isa = PBXFileReference; fileEncoding = 4; lastKnownFileType = text.json; path = nightClearSky.json; sourceTree = "<group>"; };
		F619FEF428681E9E0053F126 /* nightShowerRains.json */ = {isa = PBXFileReference; fileEncoding = 4; lastKnownFileType = text.json; path = nightShowerRains.json; sourceTree = "<group>"; };
		F619FEF528681E9E0053F126 /* dayThunderstorm.json */ = {isa = PBXFileReference; fileEncoding = 4; lastKnownFileType = text.json; path = dayThunderstorm.json; sourceTree = "<group>"; };
		F619FEF628681E9F0053F126 /* nightScatteredClouds.json */ = {isa = PBXFileReference; fileEncoding = 4; lastKnownFileType = text.json; path = nightScatteredClouds.json; sourceTree = "<group>"; };
		F619FEF728681E9F0053F126 /* dayFewClouds.json */ = {isa = PBXFileReference; fileEncoding = 4; lastKnownFileType = text.json; path = dayFewClouds.json; sourceTree = "<group>"; };
		F619FEF828681E9F0053F126 /* nightBrokenClouds.json */ = {isa = PBXFileReference; fileEncoding = 4; lastKnownFileType = text.json; path = nightBrokenClouds.json; sourceTree = "<group>"; };
		F619FEF928681E9F0053F126 /* nightThunderstorm.json */ = {isa = PBXFileReference; fileEncoding = 4; lastKnownFileType = text.json; path = nightThunderstorm.json; sourceTree = "<group>"; };
		F619FEFA28681E9F0053F126 /* daySnow.json */ = {isa = PBXFileReference; fileEncoding = 4; lastKnownFileType = text.json; path = daySnow.json; sourceTree = "<group>"; };
		F619FEFB28681E9F0053F126 /* dayMist.json */ = {isa = PBXFileReference; fileEncoding = 4; lastKnownFileType = text.json; path = dayMist.json; sourceTree = "<group>"; };
		F619FEFC28681E9F0053F126 /* nightSnow.json */ = {isa = PBXFileReference; fileEncoding = 4; lastKnownFileType = text.json; path = nightSnow.json; sourceTree = "<group>"; };
		F62C5D8C286761C300DCB275 /* WeatherModel.swift */ = {isa = PBXFileReference; lastKnownFileType = sourcecode.swift; path = WeatherModel.swift; sourceTree = "<group>"; };
		F62C5D8E286761EE00DCB275 /* WeatherResponse.swift */ = {isa = PBXFileReference; lastKnownFileType = sourcecode.swift; path = WeatherResponse.swift; sourceTree = "<group>"; };
		F62C5D902867621600DCB275 /* WeatherService.swift */ = {isa = PBXFileReference; lastKnownFileType = sourcecode.swift; path = WeatherService.swift; sourceTree = "<group>"; };
		F62C5D922867626B00DCB275 /* WeatherViewModel.swift */ = {isa = PBXFileReference; lastKnownFileType = sourcecode.swift; path = WeatherViewModel.swift; sourceTree = "<group>"; };
		F62C5D942867628900DCB275 /* APIManager.swift */ = {isa = PBXFileReference; lastKnownFileType = sourcecode.swift; path = APIManager.swift; sourceTree = "<group>"; };
		F62C5D962867F78800DCB275 /* ApiError.swift */ = {isa = PBXFileReference; lastKnownFileType = sourcecode.swift; path = ApiError.swift; sourceTree = "<group>"; };
		F62C5D982867F8A800DCB275 /* Extensions.swift */ = {isa = PBXFileReference; lastKnownFileType = sourcecode.swift; path = Extensions.swift; sourceTree = "<group>"; };
		F62F7AED286AAA2500E43153 /* HourlyWeatherCollectionViewCell.swift */ = {isa = PBXFileReference; lastKnownFileType = sourcecode.swift; path = HourlyWeatherCollectionViewCell.swift; sourceTree = "<group>"; };
		F62F7AEF286AB24C00E43153 /* ForecastResponse.swift */ = {isa = PBXFileReference; lastKnownFileType = sourcecode.swift; path = ForecastResponse.swift; sourceTree = "<group>"; };
		F62F7AF1286AB54600E43153 /* ForecastModel.swift */ = {isa = PBXFileReference; lastKnownFileType = sourcecode.swift; path = ForecastModel.swift; sourceTree = "<group>"; };
		F62F7AF3286AB65300E43153 /* ForecastService.swift */ = {isa = PBXFileReference; lastKnownFileType = sourcecode.swift; path = ForecastService.swift; sourceTree = "<group>"; };
		F634115B286D433200F41C17 /* LoadingState.swift */ = {isa = PBXFileReference; lastKnownFileType = sourcecode.swift; path = LoadingState.swift; sourceTree = "<group>"; };
		F68B95A1286BFAB9004EA340 /* AddCityViewController.swift */ = {isa = PBXFileReference; lastKnownFileType = sourcecode.swift; path = AddCityViewController.swift; sourceTree = "<group>"; };
		F68B95A3286C03BF004EA340 /* CityNameTableViewCell.swift */ = {isa = PBXFileReference; lastKnownFileType = sourcecode.swift; path = CityNameTableViewCell.swift; sourceTree = "<group>"; };
		F6D5F88D28673D4E006C6E01 /* ForecastApp.app */ = {isa = PBXFileReference; explicitFileType = wrapper.application; includeInIndex = 0; path = ForecastApp.app; sourceTree = BUILT_PRODUCTS_DIR; };
		F6D5F89028673D4E006C6E01 /* AppDelegate.swift */ = {isa = PBXFileReference; lastKnownFileType = sourcecode.swift; path = AppDelegate.swift; sourceTree = "<group>"; };
		F6D5F89228673D4E006C6E01 /* SceneDelegate.swift */ = {isa = PBXFileReference; lastKnownFileType = sourcecode.swift; path = SceneDelegate.swift; sourceTree = "<group>"; };
		F6D5F89A28673D4E006C6E01 /* ForecastApp.xcdatamodel */ = {isa = PBXFileReference; lastKnownFileType = wrapper.xcdatamodel; path = ForecastApp.xcdatamodel; sourceTree = "<group>"; };
		F6D5F89C28673D50006C6E01 /* Assets.xcassets */ = {isa = PBXFileReference; lastKnownFileType = folder.assetcatalog; path = Assets.xcassets; sourceTree = "<group>"; };
		F6D5F89F28673D50006C6E01 /* Base */ = {isa = PBXFileReference; lastKnownFileType = file.storyboard; name = Base; path = Base.lproj/LaunchScreen.storyboard; sourceTree = "<group>"; };
		F6D5F8A128673D50006C6E01 /* Info.plist */ = {isa = PBXFileReference; lastKnownFileType = text.plist.xml; path = Info.plist; sourceTree = "<group>"; };
		F6D5F8A628673D50006C6E01 /* ForecastAppTests.xctest */ = {isa = PBXFileReference; explicitFileType = wrapper.cfbundle; includeInIndex = 0; path = ForecastAppTests.xctest; sourceTree = BUILT_PRODUCTS_DIR; };
		F6D5F8AA28673D50006C6E01 /* ForecastAppTests.swift */ = {isa = PBXFileReference; lastKnownFileType = sourcecode.swift; path = ForecastAppTests.swift; sourceTree = "<group>"; };
		F6D5F8B028673D50006C6E01 /* ForecastAppUITests.xctest */ = {isa = PBXFileReference; explicitFileType = wrapper.cfbundle; includeInIndex = 0; path = ForecastAppUITests.xctest; sourceTree = BUILT_PRODUCTS_DIR; };
		F6D5F8B428673D50006C6E01 /* ForecastAppUITests.swift */ = {isa = PBXFileReference; lastKnownFileType = sourcecode.swift; path = ForecastAppUITests.swift; sourceTree = "<group>"; };
		F6D5F8B628673D50006C6E01 /* ForecastAppUITestsLaunchTests.swift */ = {isa = PBXFileReference; lastKnownFileType = sourcecode.swift; path = ForecastAppUITestsLaunchTests.swift; sourceTree = "<group>"; };
		F6D5F8C528673FA6006C6E01 /* WeatherViewController.swift */ = {isa = PBXFileReference; lastKnownFileType = sourcecode.swift; path = WeatherViewController.swift; sourceTree = "<group>"; };
/* End PBXFileReference section */

/* Begin PBXFrameworksBuildPhase section */
		F6D5F88A28673D4E006C6E01 /* Frameworks */ = {
			isa = PBXFrameworksBuildPhase;
			buildActionMask = 2147483647;
			files = (
				6B9245285378C392B65EE8D4 /* Pods_ForecastApp.framework in Frameworks */,
			);
			runOnlyForDeploymentPostprocessing = 0;
		};
		F6D5F8A328673D50006C6E01 /* Frameworks */ = {
			isa = PBXFrameworksBuildPhase;
			buildActionMask = 2147483647;
			files = (
				E8DEDCE51E2CD0C5405D997F /* Pods_ForecastAppTests.framework in Frameworks */,
			);
			runOnlyForDeploymentPostprocessing = 0;
		};
		F6D5F8AD28673D50006C6E01 /* Frameworks */ = {
			isa = PBXFrameworksBuildPhase;
			buildActionMask = 2147483647;
			files = (
				BD43B4BF556203578906DB47 /* Pods_ForecastApp_ForecastAppUITests.framework in Frameworks */,
			);
			runOnlyForDeploymentPostprocessing = 0;
		};
/* End PBXFrameworksBuildPhase section */

/* Begin PBXGroup section */
		2F698AAD8940B4E741892804 /* Frameworks */ = {
			isa = PBXGroup;
			children = (
				18D4AF8FA4634C58B32C349E /* Pods_ForecastApp.framework */,
				49E5386654EF68EBF5E716E6 /* Pods_ForecastApp_ForecastAppUITests.framework */,
				F11C1CC57E59AAC67B0A71C8 /* Pods_ForecastAppTests.framework */,
			);
			name = Frameworks;
			sourceTree = "<group>";
		};
		F1D53F30767D489787BEC2E7 /* Pods */ = {
			isa = PBXGroup;
			children = (
				9D1218A1FFCEF89058B024E5 /* Pods-ForecastApp.debug.xcconfig */,
				7F85FB8E45C65CABC8DDF3B1 /* Pods-ForecastApp.release.xcconfig */,
				311F93B7D75EE11B4C693B23 /* Pods-ForecastApp-ForecastAppUITests.debug.xcconfig */,
				812A6835A18BEF27B1E6079F /* Pods-ForecastApp-ForecastAppUITests.release.xcconfig */,
				D42EA86E724884257828C4A7 /* Pods-ForecastAppTests.debug.xcconfig */,
				21E7AC1E0959B38D54DA4227 /* Pods-ForecastAppTests.release.xcconfig */,
			);
			path = Pods;
			sourceTree = "<group>";
		};
		F619FEEA28681E880053F126 /* LottieAnimations */ = {
			isa = PBXGroup;
			children = (
				F619FEF028681E9E0053F126 /* dayBrokenClouds.json */,
				F619FEEC28681E9D0053F126 /* dayClearSky.json */,
				F619FEF728681E9F0053F126 /* dayFewClouds.json */,
				F619FEFB28681E9F0053F126 /* dayMist.json */,
				F619FEEB28681E9D0053F126 /* dayRain.json */,
				F619FEED28681E9D0053F126 /* dayScatteredClouds.json */,
				F619FEEF28681E9D0053F126 /* dayShowerRains.json */,
				F619FEFA28681E9F0053F126 /* daySnow.json */,
				F619FEF528681E9E0053F126 /* dayThunderstorm.json */,
				F619FEF828681E9F0053F126 /* nightBrokenClouds.json */,
				F619FEF328681E9E0053F126 /* nightClearSky.json */,
				F619FEEE28681E9D0053F126 /* nightFewClouds.json */,
				F619FEF228681E9E0053F126 /* nightMist.json */,
				F619FEF128681E9E0053F126 /* nightRain.json */,
				F619FEF628681E9F0053F126 /* nightScatteredClouds.json */,
				F619FEF428681E9E0053F126 /* nightShowerRains.json */,
				F619FEFC28681E9F0053F126 /* nightSnow.json */,
				F619FEF928681E9F0053F126 /* nightThunderstorm.json */,
			);
			path = LottieAnimations;
			sourceTree = "<group>";
		};
		F62C5D832867616900DCB275 /* App */ = {
			isa = PBXGroup;
			children = (
				F62C5D862867617E00DCB275 /* Utils */,
				F62C5D852867617800DCB275 /* Shared */,
				F62C5D842867617100DCB275 /* Modules */,
			);
			path = App;
			sourceTree = "<group>";
		};
		F62C5D842867617100DCB275 /* Modules */ = {
			isa = PBXGroup;
			children = (
				F68B95A5286C09F7004EA340 /* Cities */,
				F62C5D872867618800DCB275 /* Weather */,
			);
			path = Modules;
			sourceTree = "<group>";
		};
		F62C5D852867617800DCB275 /* Shared */ = {
			isa = PBXGroup;
			children = (
				F62C5D942867628900DCB275 /* APIManager.swift */,
			);
			path = Shared;
			sourceTree = "<group>";
		};
		F62C5D862867617E00DCB275 /* Utils */ = {
			isa = PBXGroup;
			children = (
				F619FEEA28681E880053F126 /* LottieAnimations */,
				F62C5D962867F78800DCB275 /* ApiError.swift */,
				F62C5D982867F8A800DCB275 /* Extensions.swift */,
			);
			path = Utils;
			sourceTree = "<group>";
		};
		F62C5D872867618800DCB275 /* Weather */ = {
			isa = PBXGroup;
			children = (
				F62C5D882867619100DCB275 /* Model */,
				F62C5D8A2867619A00DCB275 /* View */,
				F62C5D8B2867619F00DCB275 /* ViewModel */,
				F62C5D892867619500DCB275 /* Service */,
			);
			path = Weather;
			sourceTree = "<group>";
		};
		F62C5D882867619100DCB275 /* Model */ = {
			isa = PBXGroup;
			children = (
				F62C5D8C286761C300DCB275 /* WeatherModel.swift */,
				F62C5D8E286761EE00DCB275 /* WeatherResponse.swift */,
				F62F7AEF286AB24C00E43153 /* ForecastResponse.swift */,
				F62F7AF1286AB54600E43153 /* ForecastModel.swift */,
			);
			path = Model;
			sourceTree = "<group>";
		};
		F62C5D892867619500DCB275 /* Service */ = {
			isa = PBXGroup;
			children = (
				F62C5D902867621600DCB275 /* WeatherService.swift */,
				F62F7AF3286AB65300E43153 /* ForecastService.swift */,
			);
			path = Service;
			sourceTree = "<group>";
		};
		F62C5D8A2867619A00DCB275 /* View */ = {
			isa = PBXGroup;
			children = (
				F6D5F8C528673FA6006C6E01 /* WeatherViewController.swift */,
				F62F7AED286AAA2500E43153 /* HourlyWeatherCollectionViewCell.swift */,
			);
			path = View;
			sourceTree = "<group>";
		};
		F62C5D8B2867619F00DCB275 /* ViewModel */ = {
			isa = PBXGroup;
			children = (
				F62C5D922867626B00DCB275 /* WeatherViewModel.swift */,
				F634115B286D433200F41C17 /* LoadingState.swift */,
			);
			path = ViewModel;
			sourceTree = "<group>";
		};
		F68B95A5286C09F7004EA340 /* Cities */ = {
			isa = PBXGroup;
			children = (
				F68B95A6286C0A04004EA340 /* View */,
			);
			path = Cities;
			sourceTree = "<group>";
		};
		F68B95A6286C0A04004EA340 /* View */ = {
			isa = PBXGroup;
			children = (
				F68B95A3286C03BF004EA340 /* CityNameTableViewCell.swift */,
				F68B95A1286BFAB9004EA340 /* AddCityViewController.swift */,
			);
			path = View;
			sourceTree = "<group>";
		};
		F6D5F88428673D4E006C6E01 = {
			isa = PBXGroup;
			children = (
				F6D5F88F28673D4E006C6E01 /* ForecastApp */,
				F6D5F8A928673D50006C6E01 /* ForecastAppTests */,
				F6D5F8B328673D50006C6E01 /* ForecastAppUITests */,
				F6D5F88E28673D4E006C6E01 /* Products */,
				F1D53F30767D489787BEC2E7 /* Pods */,
				2F698AAD8940B4E741892804 /* Frameworks */,
			);
			sourceTree = "<group>";
		};
		F6D5F88E28673D4E006C6E01 /* Products */ = {
			isa = PBXGroup;
			children = (
				F6D5F88D28673D4E006C6E01 /* ForecastApp.app */,
				F6D5F8A628673D50006C6E01 /* ForecastAppTests.xctest */,
				F6D5F8B028673D50006C6E01 /* ForecastAppUITests.xctest */,
			);
			name = Products;
			sourceTree = "<group>";
		};
		F6D5F88F28673D4E006C6E01 /* ForecastApp */ = {
			isa = PBXGroup;
			children = (
				F62C5D832867616900DCB275 /* App */,
				F6D5F89028673D4E006C6E01 /* AppDelegate.swift */,
				F6D5F89228673D4E006C6E01 /* SceneDelegate.swift */,
				F6D5F89C28673D50006C6E01 /* Assets.xcassets */,
				F6D5F89E28673D50006C6E01 /* LaunchScreen.storyboard */,
				F6D5F8A128673D50006C6E01 /* Info.plist */,
				F6D5F89928673D4E006C6E01 /* ForecastApp.xcdatamodeld */,
			);
			path = ForecastApp;
			sourceTree = "<group>";
		};
		F6D5F8A928673D50006C6E01 /* ForecastAppTests */ = {
			isa = PBXGroup;
			children = (
				F6D5F8AA28673D50006C6E01 /* ForecastAppTests.swift */,
			);
			path = ForecastAppTests;
			sourceTree = "<group>";
		};
		F6D5F8B328673D50006C6E01 /* ForecastAppUITests */ = {
			isa = PBXGroup;
			children = (
				F6D5F8B428673D50006C6E01 /* ForecastAppUITests.swift */,
				F6D5F8B628673D50006C6E01 /* ForecastAppUITestsLaunchTests.swift */,
			);
			path = ForecastAppUITests;
			sourceTree = "<group>";
		};
/* End PBXGroup section */

/* Begin PBXNativeTarget section */
		F6D5F88C28673D4E006C6E01 /* ForecastApp */ = {
			isa = PBXNativeTarget;
			buildConfigurationList = F6D5F8BA28673D50006C6E01 /* Build configuration list for PBXNativeTarget "ForecastApp" */;
			buildPhases = (
				34BA16596CEBE9617C812A68 /* [CP] Check Pods Manifest.lock */,
				F6D5F88928673D4E006C6E01 /* Sources */,
				F6D5F88A28673D4E006C6E01 /* Frameworks */,
				F6D5F88B28673D4E006C6E01 /* Resources */,
				F3087592A5D89AC5A3E3FCC7 /* [CP] Embed Pods Frameworks */,
			);
			buildRules = (
			);
			dependencies = (
			);
			name = ForecastApp;
			productName = ForecastApp;
			productReference = F6D5F88D28673D4E006C6E01 /* ForecastApp.app */;
			productType = "com.apple.product-type.application";
		};
		F6D5F8A528673D50006C6E01 /* ForecastAppTests */ = {
			isa = PBXNativeTarget;
			buildConfigurationList = F6D5F8BD28673D50006C6E01 /* Build configuration list for PBXNativeTarget "ForecastAppTests" */;
			buildPhases = (
				5B16E0DC00F33353CCF887B7 /* [CP] Check Pods Manifest.lock */,
				F6D5F8A228673D50006C6E01 /* Sources */,
				F6D5F8A328673D50006C6E01 /* Frameworks */,
				F6D5F8A428673D50006C6E01 /* Resources */,
			);
			buildRules = (
			);
			dependencies = (
				F6D5F8A828673D50006C6E01 /* PBXTargetDependency */,
			);
			name = ForecastAppTests;
			productName = ForecastAppTests;
			productReference = F6D5F8A628673D50006C6E01 /* ForecastAppTests.xctest */;
			productType = "com.apple.product-type.bundle.unit-test";
		};
		F6D5F8AF28673D50006C6E01 /* ForecastAppUITests */ = {
			isa = PBXNativeTarget;
			buildConfigurationList = F6D5F8C028673D50006C6E01 /* Build configuration list for PBXNativeTarget "ForecastAppUITests" */;
			buildPhases = (
				423EEA1A8A7FBC47240E561D /* [CP] Check Pods Manifest.lock */,
				F6D5F8AC28673D50006C6E01 /* Sources */,
				F6D5F8AD28673D50006C6E01 /* Frameworks */,
				F6D5F8AE28673D50006C6E01 /* Resources */,
				0FA9F225E15EBEEA7A092300 /* [CP] Embed Pods Frameworks */,
			);
			buildRules = (
			);
			dependencies = (
				F6D5F8B228673D50006C6E01 /* PBXTargetDependency */,
			);
			name = ForecastAppUITests;
			productName = ForecastAppUITests;
			productReference = F6D5F8B028673D50006C6E01 /* ForecastAppUITests.xctest */;
			productType = "com.apple.product-type.bundle.ui-testing";
		};
/* End PBXNativeTarget section */

/* Begin PBXProject section */
		F6D5F88528673D4E006C6E01 /* Project object */ = {
			isa = PBXProject;
			attributes = {
				BuildIndependentTargetsInParallel = 1;
				LastSwiftUpdateCheck = 1340;
				LastUpgradeCheck = 1340;
				TargetAttributes = {
					F6D5F88C28673D4E006C6E01 = {
						CreatedOnToolsVersion = 13.4.1;
					};
					F6D5F8A528673D50006C6E01 = {
						CreatedOnToolsVersion = 13.4.1;
						TestTargetID = F6D5F88C28673D4E006C6E01;
					};
					F6D5F8AF28673D50006C6E01 = {
						CreatedOnToolsVersion = 13.4.1;
						TestTargetID = F6D5F88C28673D4E006C6E01;
					};
				};
			};
			buildConfigurationList = F6D5F88828673D4E006C6E01 /* Build configuration list for PBXProject "ForecastApp" */;
			compatibilityVersion = "Xcode 13.0";
			developmentRegion = en;
			hasScannedForEncodings = 0;
			knownRegions = (
				en,
				Base,
			);
			mainGroup = F6D5F88428673D4E006C6E01;
			productRefGroup = F6D5F88E28673D4E006C6E01 /* Products */;
			projectDirPath = "";
			projectRoot = "";
			targets = (
				F6D5F88C28673D4E006C6E01 /* ForecastApp */,
				F6D5F8A528673D50006C6E01 /* ForecastAppTests */,
				F6D5F8AF28673D50006C6E01 /* ForecastAppUITests */,
			);
		};
/* End PBXProject section */

/* Begin PBXResourcesBuildPhase section */
		F6D5F88B28673D4E006C6E01 /* Resources */ = {
			isa = PBXResourcesBuildPhase;
			buildActionMask = 2147483647;
			files = (
				F619FEFE28681E9F0053F126 /* dayClearSky.json in Resources */,
				F619FF0328681E9F0053F126 /* nightRain.json in Resources */,
				F619FF0028681E9F0053F126 /* nightFewClouds.json in Resources */,
				F619FF0C28681EA00053F126 /* daySnow.json in Resources */,
				F619FF0A28681EA00053F126 /* nightBrokenClouds.json in Resources */,
				F619FF0B28681EA00053F126 /* nightThunderstorm.json in Resources */,
				F619FF0D28681EA00053F126 /* dayMist.json in Resources */,
				F619FF0728681EA00053F126 /* dayThunderstorm.json in Resources */,
				F6D5F8A028673D50006C6E01 /* LaunchScreen.storyboard in Resources */,
				F619FF0628681EA00053F126 /* nightShowerRains.json in Resources */,
				F619FEFD28681E9F0053F126 /* dayRain.json in Resources */,
				F619FF0128681E9F0053F126 /* dayShowerRains.json in Resources */,
				F619FF0828681EA00053F126 /* nightScatteredClouds.json in Resources */,
				F619FF0228681E9F0053F126 /* dayBrokenClouds.json in Resources */,
				F619FEFF28681E9F0053F126 /* dayScatteredClouds.json in Resources */,
				F619FF0528681EA00053F126 /* nightClearSky.json in Resources */,
				F6D5F89D28673D50006C6E01 /* Assets.xcassets in Resources */,
				F619FF0928681EA00053F126 /* dayFewClouds.json in Resources */,
				F619FF0428681EA00053F126 /* nightMist.json in Resources */,
				F619FF0E28681EA00053F126 /* nightSnow.json in Resources */,
			);
			runOnlyForDeploymentPostprocessing = 0;
		};
		F6D5F8A428673D50006C6E01 /* Resources */ = {
			isa = PBXResourcesBuildPhase;
			buildActionMask = 2147483647;
			files = (
			);
			runOnlyForDeploymentPostprocessing = 0;
		};
		F6D5F8AE28673D50006C6E01 /* Resources */ = {
			isa = PBXResourcesBuildPhase;
			buildActionMask = 2147483647;
			files = (
			);
			runOnlyForDeploymentPostprocessing = 0;
		};
/* End PBXResourcesBuildPhase section */

/* Begin PBXShellScriptBuildPhase section */
		0FA9F225E15EBEEA7A092300 /* [CP] Embed Pods Frameworks */ = {
			isa = PBXShellScriptBuildPhase;
			buildActionMask = 2147483647;
			files = (
			);
			inputFileListPaths = (
				"${PODS_ROOT}/Target Support Files/Pods-ForecastApp-ForecastAppUITests/Pods-ForecastApp-ForecastAppUITests-frameworks-${CONFIGURATION}-input-files.xcfilelist",
			);
			name = "[CP] Embed Pods Frameworks";
			outputFileListPaths = (
				"${PODS_ROOT}/Target Support Files/Pods-ForecastApp-ForecastAppUITests/Pods-ForecastApp-ForecastAppUITests-frameworks-${CONFIGURATION}-output-files.xcfilelist",
			);
			runOnlyForDeploymentPostprocessing = 0;
			shellPath = /bin/sh;
			shellScript = "\"${PODS_ROOT}/Target Support Files/Pods-ForecastApp-ForecastAppUITests/Pods-ForecastApp-ForecastAppUITests-frameworks.sh\"\n";
			showEnvVarsInLog = 0;
		};
		34BA16596CEBE9617C812A68 /* [CP] Check Pods Manifest.lock */ = {
			isa = PBXShellScriptBuildPhase;
			buildActionMask = 2147483647;
			files = (
			);
			inputFileListPaths = (
			);
			inputPaths = (
				"${PODS_PODFILE_DIR_PATH}/Podfile.lock",
				"${PODS_ROOT}/Manifest.lock",
			);
			name = "[CP] Check Pods Manifest.lock";
			outputFileListPaths = (
			);
			outputPaths = (
				"$(DERIVED_FILE_DIR)/Pods-ForecastApp-checkManifestLockResult.txt",
			);
			runOnlyForDeploymentPostprocessing = 0;
			shellPath = /bin/sh;
			shellScript = "diff \"${PODS_PODFILE_DIR_PATH}/Podfile.lock\" \"${PODS_ROOT}/Manifest.lock\" > /dev/null\nif [ $? != 0 ] ; then\n    # print error to STDERR\n    echo \"error: The sandbox is not in sync with the Podfile.lock. Run 'pod install' or update your CocoaPods installation.\" >&2\n    exit 1\nfi\n# This output is used by Xcode 'outputs' to avoid re-running this script phase.\necho \"SUCCESS\" > \"${SCRIPT_OUTPUT_FILE_0}\"\n";
			showEnvVarsInLog = 0;
		};
		423EEA1A8A7FBC47240E561D /* [CP] Check Pods Manifest.lock */ = {
			isa = PBXShellScriptBuildPhase;
			buildActionMask = 2147483647;
			files = (
			);
			inputFileListPaths = (
			);
			inputPaths = (
				"${PODS_PODFILE_DIR_PATH}/Podfile.lock",
				"${PODS_ROOT}/Manifest.lock",
			);
			name = "[CP] Check Pods Manifest.lock";
			outputFileListPaths = (
			);
			outputPaths = (
				"$(DERIVED_FILE_DIR)/Pods-ForecastApp-ForecastAppUITests-checkManifestLockResult.txt",
			);
			runOnlyForDeploymentPostprocessing = 0;
			shellPath = /bin/sh;
			shellScript = "diff \"${PODS_PODFILE_DIR_PATH}/Podfile.lock\" \"${PODS_ROOT}/Manifest.lock\" > /dev/null\nif [ $? != 0 ] ; then\n    # print error to STDERR\n    echo \"error: The sandbox is not in sync with the Podfile.lock. Run 'pod install' or update your CocoaPods installation.\" >&2\n    exit 1\nfi\n# This output is used by Xcode 'outputs' to avoid re-running this script phase.\necho \"SUCCESS\" > \"${SCRIPT_OUTPUT_FILE_0}\"\n";
			showEnvVarsInLog = 0;
		};
		5B16E0DC00F33353CCF887B7 /* [CP] Check Pods Manifest.lock */ = {
			isa = PBXShellScriptBuildPhase;
			buildActionMask = 2147483647;
			files = (
			);
			inputFileListPaths = (
			);
			inputPaths = (
				"${PODS_PODFILE_DIR_PATH}/Podfile.lock",
				"${PODS_ROOT}/Manifest.lock",
			);
			name = "[CP] Check Pods Manifest.lock";
			outputFileListPaths = (
			);
			outputPaths = (
				"$(DERIVED_FILE_DIR)/Pods-ForecastAppTests-checkManifestLockResult.txt",
			);
			runOnlyForDeploymentPostprocessing = 0;
			shellPath = /bin/sh;
			shellScript = "diff \"${PODS_PODFILE_DIR_PATH}/Podfile.lock\" \"${PODS_ROOT}/Manifest.lock\" > /dev/null\nif [ $? != 0 ] ; then\n    # print error to STDERR\n    echo \"error: The sandbox is not in sync with the Podfile.lock. Run 'pod install' or update your CocoaPods installation.\" >&2\n    exit 1\nfi\n# This output is used by Xcode 'outputs' to avoid re-running this script phase.\necho \"SUCCESS\" > \"${SCRIPT_OUTPUT_FILE_0}\"\n";
			showEnvVarsInLog = 0;
		};
		F3087592A5D89AC5A3E3FCC7 /* [CP] Embed Pods Frameworks */ = {
			isa = PBXShellScriptBuildPhase;
			buildActionMask = 2147483647;
			files = (
			);
			inputFileListPaths = (
				"${PODS_ROOT}/Target Support Files/Pods-ForecastApp/Pods-ForecastApp-frameworks-${CONFIGURATION}-input-files.xcfilelist",
			);
			name = "[CP] Embed Pods Frameworks";
			outputFileListPaths = (
				"${PODS_ROOT}/Target Support Files/Pods-ForecastApp/Pods-ForecastApp-frameworks-${CONFIGURATION}-output-files.xcfilelist",
			);
			runOnlyForDeploymentPostprocessing = 0;
			shellPath = /bin/sh;
			shellScript = "\"${PODS_ROOT}/Target Support Files/Pods-ForecastApp/Pods-ForecastApp-frameworks.sh\"\n";
			showEnvVarsInLog = 0;
		};
/* End PBXShellScriptBuildPhase section */

/* Begin PBXSourcesBuildPhase section */
		F6D5F88928673D4E006C6E01 /* Sources */ = {
			isa = PBXSourcesBuildPhase;
			buildActionMask = 2147483647;
			files = (
				F6D5F89B28673D4E006C6E01 /* ForecastApp.xcdatamodeld in Sources */,
				F62C5D8F286761EE00DCB275 /* WeatherResponse.swift in Sources */,
				F6D5F8C628673FA6006C6E01 /* WeatherViewController.swift in Sources */,
				F62F7AF0286AB24C00E43153 /* ForecastResponse.swift in Sources */,
				F62C5D972867F78800DCB275 /* ApiError.swift in Sources */,
				F62C5D952867628900DCB275 /* APIManager.swift in Sources */,
				F634115C286D433200F41C17 /* LoadingState.swift in Sources */,
				F62F7AF2286AB54600E43153 /* ForecastModel.swift in Sources */,
				F68B95A2286BFAB9004EA340 /* AddCityViewController.swift in Sources */,
				F6D5F89128673D4E006C6E01 /* AppDelegate.swift in Sources */,
				F62F7AEE286AAA2600E43153 /* HourlyWeatherCollectionViewCell.swift in Sources */,
				F68B95A4286C03BF004EA340 /* CityNameTableViewCell.swift in Sources */,
				F6D5F89328673D4E006C6E01 /* SceneDelegate.swift in Sources */,
				F62C5D932867626B00DCB275 /* WeatherViewModel.swift in Sources */,
				F62C5D8D286761C300DCB275 /* WeatherModel.swift in Sources */,
				F62C5D992867F8A800DCB275 /* Extensions.swift in Sources */,
				F62F7AF4286AB65300E43153 /* ForecastService.swift in Sources */,
				F62C5D912867621600DCB275 /* WeatherService.swift in Sources */,
			);
			runOnlyForDeploymentPostprocessing = 0;
		};
		F6D5F8A228673D50006C6E01 /* Sources */ = {
			isa = PBXSourcesBuildPhase;
			buildActionMask = 2147483647;
			files = (
				F6D5F8AB28673D50006C6E01 /* ForecastAppTests.swift in Sources */,
			);
			runOnlyForDeploymentPostprocessing = 0;
		};
		F6D5F8AC28673D50006C6E01 /* Sources */ = {
			isa = PBXSourcesBuildPhase;
			buildActionMask = 2147483647;
			files = (
				F6D5F8B528673D50006C6E01 /* ForecastAppUITests.swift in Sources */,
				F6D5F8B728673D50006C6E01 /* ForecastAppUITestsLaunchTests.swift in Sources */,
			);
			runOnlyForDeploymentPostprocessing = 0;
		};
/* End PBXSourcesBuildPhase section */

/* Begin PBXTargetDependency section */
		F6D5F8A828673D50006C6E01 /* PBXTargetDependency */ = {
			isa = PBXTargetDependency;
			target = F6D5F88C28673D4E006C6E01 /* ForecastApp */;
			targetProxy = F6D5F8A728673D50006C6E01 /* PBXContainerItemProxy */;
		};
		F6D5F8B228673D50006C6E01 /* PBXTargetDependency */ = {
			isa = PBXTargetDependency;
			target = F6D5F88C28673D4E006C6E01 /* ForecastApp */;
			targetProxy = F6D5F8B128673D50006C6E01 /* PBXContainerItemProxy */;
		};
/* End PBXTargetDependency section */

/* Begin PBXVariantGroup section */
		F6D5F89E28673D50006C6E01 /* LaunchScreen.storyboard */ = {
			isa = PBXVariantGroup;
			children = (
				F6D5F89F28673D50006C6E01 /* Base */,
			);
			name = LaunchScreen.storyboard;
			sourceTree = "<group>";
		};
/* End PBXVariantGroup section */

/* Begin XCBuildConfiguration section */
		F6D5F8B828673D50006C6E01 /* Debug */ = {
			isa = XCBuildConfiguration;
			buildSettings = {
				ALWAYS_SEARCH_USER_PATHS = NO;
				CLANG_ANALYZER_NONNULL = YES;
				CLANG_ANALYZER_NUMBER_OBJECT_CONVERSION = YES_AGGRESSIVE;
				CLANG_CXX_LANGUAGE_STANDARD = "gnu++17";
				CLANG_ENABLE_MODULES = YES;
				CLANG_ENABLE_OBJC_ARC = YES;
				CLANG_ENABLE_OBJC_WEAK = YES;
				CLANG_WARN_BLOCK_CAPTURE_AUTORELEASING = YES;
				CLANG_WARN_BOOL_CONVERSION = YES;
				CLANG_WARN_COMMA = YES;
				CLANG_WARN_CONSTANT_CONVERSION = YES;
				CLANG_WARN_DEPRECATED_OBJC_IMPLEMENTATIONS = YES;
				CLANG_WARN_DIRECT_OBJC_ISA_USAGE = YES_ERROR;
				CLANG_WARN_DOCUMENTATION_COMMENTS = YES;
				CLANG_WARN_EMPTY_BODY = YES;
				CLANG_WARN_ENUM_CONVERSION = YES;
				CLANG_WARN_INFINITE_RECURSION = YES;
				CLANG_WARN_INT_CONVERSION = YES;
				CLANG_WARN_NON_LITERAL_NULL_CONVERSION = YES;
				CLANG_WARN_OBJC_IMPLICIT_RETAIN_SELF = YES;
				CLANG_WARN_OBJC_LITERAL_CONVERSION = YES;
				CLANG_WARN_OBJC_ROOT_CLASS = YES_ERROR;
				CLANG_WARN_QUOTED_INCLUDE_IN_FRAMEWORK_HEADER = YES;
				CLANG_WARN_RANGE_LOOP_ANALYSIS = YES;
				CLANG_WARN_STRICT_PROTOTYPES = YES;
				CLANG_WARN_SUSPICIOUS_MOVE = YES;
				CLANG_WARN_UNGUARDED_AVAILABILITY = YES_AGGRESSIVE;
				CLANG_WARN_UNREACHABLE_CODE = YES;
				CLANG_WARN__DUPLICATE_METHOD_MATCH = YES;
				COPY_PHASE_STRIP = NO;
				DEBUG_INFORMATION_FORMAT = dwarf;
				ENABLE_STRICT_OBJC_MSGSEND = YES;
				ENABLE_TESTABILITY = YES;
				GCC_C_LANGUAGE_STANDARD = gnu11;
				GCC_DYNAMIC_NO_PIC = NO;
				GCC_NO_COMMON_BLOCKS = YES;
				GCC_OPTIMIZATION_LEVEL = 0;
				GCC_PREPROCESSOR_DEFINITIONS = (
					"DEBUG=1",
					"$(inherited)",
				);
				GCC_WARN_64_TO_32_BIT_CONVERSION = YES;
				GCC_WARN_ABOUT_RETURN_TYPE = YES_ERROR;
				GCC_WARN_UNDECLARED_SELECTOR = YES;
				GCC_WARN_UNINITIALIZED_AUTOS = YES_AGGRESSIVE;
				GCC_WARN_UNUSED_FUNCTION = YES;
				GCC_WARN_UNUSED_VARIABLE = YES;
				IPHONEOS_DEPLOYMENT_TARGET = 15.5;
				MTL_ENABLE_DEBUG_INFO = INCLUDE_SOURCE;
				MTL_FAST_MATH = YES;
				ONLY_ACTIVE_ARCH = YES;
				SDKROOT = iphoneos;
				SWIFT_ACTIVE_COMPILATION_CONDITIONS = DEBUG;
				SWIFT_OPTIMIZATION_LEVEL = "-Onone";
			};
			name = Debug;
		};
		F6D5F8B928673D50006C6E01 /* Release */ = {
			isa = XCBuildConfiguration;
			buildSettings = {
				ALWAYS_SEARCH_USER_PATHS = NO;
				CLANG_ANALYZER_NONNULL = YES;
				CLANG_ANALYZER_NUMBER_OBJECT_CONVERSION = YES_AGGRESSIVE;
				CLANG_CXX_LANGUAGE_STANDARD = "gnu++17";
				CLANG_ENABLE_MODULES = YES;
				CLANG_ENABLE_OBJC_ARC = YES;
				CLANG_ENABLE_OBJC_WEAK = YES;
				CLANG_WARN_BLOCK_CAPTURE_AUTORELEASING = YES;
				CLANG_WARN_BOOL_CONVERSION = YES;
				CLANG_WARN_COMMA = YES;
				CLANG_WARN_CONSTANT_CONVERSION = YES;
				CLANG_WARN_DEPRECATED_OBJC_IMPLEMENTATIONS = YES;
				CLANG_WARN_DIRECT_OBJC_ISA_USAGE = YES_ERROR;
				CLANG_WARN_DOCUMENTATION_COMMENTS = YES;
				CLANG_WARN_EMPTY_BODY = YES;
				CLANG_WARN_ENUM_CONVERSION = YES;
				CLANG_WARN_INFINITE_RECURSION = YES;
				CLANG_WARN_INT_CONVERSION = YES;
				CLANG_WARN_NON_LITERAL_NULL_CONVERSION = YES;
				CLANG_WARN_OBJC_IMPLICIT_RETAIN_SELF = YES;
				CLANG_WARN_OBJC_LITERAL_CONVERSION = YES;
				CLANG_WARN_OBJC_ROOT_CLASS = YES_ERROR;
				CLANG_WARN_QUOTED_INCLUDE_IN_FRAMEWORK_HEADER = YES;
				CLANG_WARN_RANGE_LOOP_ANALYSIS = YES;
				CLANG_WARN_STRICT_PROTOTYPES = YES;
				CLANG_WARN_SUSPICIOUS_MOVE = YES;
				CLANG_WARN_UNGUARDED_AVAILABILITY = YES_AGGRESSIVE;
				CLANG_WARN_UNREACHABLE_CODE = YES;
				CLANG_WARN__DUPLICATE_METHOD_MATCH = YES;
				COPY_PHASE_STRIP = NO;
				DEBUG_INFORMATION_FORMAT = "dwarf-with-dsym";
				ENABLE_NS_ASSERTIONS = NO;
				ENABLE_STRICT_OBJC_MSGSEND = YES;
				GCC_C_LANGUAGE_STANDARD = gnu11;
				GCC_NO_COMMON_BLOCKS = YES;
				GCC_WARN_64_TO_32_BIT_CONVERSION = YES;
				GCC_WARN_ABOUT_RETURN_TYPE = YES_ERROR;
				GCC_WARN_UNDECLARED_SELECTOR = YES;
				GCC_WARN_UNINITIALIZED_AUTOS = YES_AGGRESSIVE;
				GCC_WARN_UNUSED_FUNCTION = YES;
				GCC_WARN_UNUSED_VARIABLE = YES;
				IPHONEOS_DEPLOYMENT_TARGET = 15.5;
				MTL_ENABLE_DEBUG_INFO = NO;
				MTL_FAST_MATH = YES;
				SDKROOT = iphoneos;
				SWIFT_COMPILATION_MODE = wholemodule;
				SWIFT_OPTIMIZATION_LEVEL = "-O";
				VALIDATE_PRODUCT = YES;
			};
			name = Release;
		};
		F6D5F8BB28673D50006C6E01 /* Debug */ = {
			isa = XCBuildConfiguration;
			baseConfigurationReference = 9D1218A1FFCEF89058B024E5 /* Pods-ForecastApp.debug.xcconfig */;
			buildSettings = {
				ASSETCATALOG_COMPILER_APPICON_NAME = AppIcon;
				ASSETCATALOG_COMPILER_GLOBAL_ACCENT_COLOR_NAME = AccentColor;
				CODE_SIGN_STYLE = Automatic;
				CURRENT_PROJECT_VERSION = 1;
				DEVELOPMENT_TEAM = N5B5236N46;
				GENERATE_INFOPLIST_FILE = YES;
				INFOPLIST_FILE = ForecastApp/Info.plist;
				INFOPLIST_KEY_UIApplicationSupportsIndirectInputEvents = YES;
				INFOPLIST_KEY_UILaunchStoryboardName = LaunchScreen;
				INFOPLIST_KEY_UISupportedInterfaceOrientations_iPad = "UIInterfaceOrientationPortrait UIInterfaceOrientationPortraitUpsideDown UIInterfaceOrientationLandscapeLeft UIInterfaceOrientationLandscapeRight";
				INFOPLIST_KEY_UISupportedInterfaceOrientations_iPhone = "UIInterfaceOrientationPortrait UIInterfaceOrientationLandscapeLeft UIInterfaceOrientationLandscapeRight";
				LD_RUNPATH_SEARCH_PATHS = (
					"$(inherited)",
					"@executable_path/Frameworks",
				);
				MARKETING_VERSION = 1.0;
				PRODUCT_BUNDLE_IDENTIFIER = com.sancricca.ForecastApp;
				PRODUCT_NAME = "$(TARGET_NAME)";
				SWIFT_EMIT_LOC_STRINGS = YES;
				SWIFT_VERSION = 5.0;
				TARGETED_DEVICE_FAMILY = "1,2";
			};
			name = Debug;
		};
		F6D5F8BC28673D50006C6E01 /* Release */ = {
			isa = XCBuildConfiguration;
			baseConfigurationReference = 7F85FB8E45C65CABC8DDF3B1 /* Pods-ForecastApp.release.xcconfig */;
			buildSettings = {
				ASSETCATALOG_COMPILER_APPICON_NAME = AppIcon;
				ASSETCATALOG_COMPILER_GLOBAL_ACCENT_COLOR_NAME = AccentColor;
				CODE_SIGN_STYLE = Automatic;
				CURRENT_PROJECT_VERSION = 1;
				DEVELOPMENT_TEAM = N5B5236N46;
				GENERATE_INFOPLIST_FILE = YES;
				INFOPLIST_FILE = ForecastApp/Info.plist;
				INFOPLIST_KEY_UIApplicationSupportsIndirectInputEvents = YES;
				INFOPLIST_KEY_UILaunchStoryboardName = LaunchScreen;
				INFOPLIST_KEY_UISupportedInterfaceOrientations_iPad = "UIInterfaceOrientationPortrait UIInterfaceOrientationPortraitUpsideDown UIInterfaceOrientationLandscapeLeft UIInterfaceOrientationLandscapeRight";
				INFOPLIST_KEY_UISupportedInterfaceOrientations_iPhone = "UIInterfaceOrientationPortrait UIInterfaceOrientationLandscapeLeft UIInterfaceOrientationLandscapeRight";
				LD_RUNPATH_SEARCH_PATHS = (
					"$(inherited)",
					"@executable_path/Frameworks",
				);
				MARKETING_VERSION = 1.0;
				PRODUCT_BUNDLE_IDENTIFIER = com.sancricca.ForecastApp;
				PRODUCT_NAME = "$(TARGET_NAME)";
				SWIFT_EMIT_LOC_STRINGS = YES;
				SWIFT_VERSION = 5.0;
				TARGETED_DEVICE_FAMILY = "1,2";
			};
			name = Release;
		};
		F6D5F8BE28673D50006C6E01 /* Debug */ = {
			isa = XCBuildConfiguration;
			baseConfigurationReference = D42EA86E724884257828C4A7 /* Pods-ForecastAppTests.debug.xcconfig */;
			buildSettings = {
				ALWAYS_EMBED_SWIFT_STANDARD_LIBRARIES = YES;
				BUNDLE_LOADER = "$(TEST_HOST)";
				CODE_SIGN_STYLE = Automatic;
				CURRENT_PROJECT_VERSION = 1;
				DEVELOPMENT_TEAM = N5B5236N46;
				GENERATE_INFOPLIST_FILE = YES;
				IPHONEOS_DEPLOYMENT_TARGET = 15.5;
				MARKETING_VERSION = 1.0;
				PRODUCT_BUNDLE_IDENTIFIER = com.sancricca.ForecastAppTests;
				PRODUCT_NAME = "$(TARGET_NAME)";
				SWIFT_EMIT_LOC_STRINGS = NO;
				SWIFT_VERSION = 5.0;
				TARGETED_DEVICE_FAMILY = "1,2";
				TEST_HOST = "$(BUILT_PRODUCTS_DIR)/ForecastApp.app/ForecastApp";
			};
			name = Debug;
		};
		F6D5F8BF28673D50006C6E01 /* Release */ = {
			isa = XCBuildConfiguration;
			baseConfigurationReference = 21E7AC1E0959B38D54DA4227 /* Pods-ForecastAppTests.release.xcconfig */;
			buildSettings = {
				ALWAYS_EMBED_SWIFT_STANDARD_LIBRARIES = YES;
				BUNDLE_LOADER = "$(TEST_HOST)";
				CODE_SIGN_STYLE = Automatic;
				CURRENT_PROJECT_VERSION = 1;
				DEVELOPMENT_TEAM = N5B5236N46;
				GENERATE_INFOPLIST_FILE = YES;
				IPHONEOS_DEPLOYMENT_TARGET = 15.5;
				MARKETING_VERSION = 1.0;
				PRODUCT_BUNDLE_IDENTIFIER = com.sancricca.ForecastAppTests;
				PRODUCT_NAME = "$(TARGET_NAME)";
				SWIFT_EMIT_LOC_STRINGS = NO;
				SWIFT_VERSION = 5.0;
				TARGETED_DEVICE_FAMILY = "1,2";
				TEST_HOST = "$(BUILT_PRODUCTS_DIR)/ForecastApp.app/ForecastApp";
			};
			name = Release;
		};
		F6D5F8C128673D50006C6E01 /* Debug */ = {
			isa = XCBuildConfiguration;
			baseConfigurationReference = 311F93B7D75EE11B4C693B23 /* Pods-ForecastApp-ForecastAppUITests.debug.xcconfig */;
			buildSettings = {
				ALWAYS_EMBED_SWIFT_STANDARD_LIBRARIES = YES;
				CODE_SIGN_STYLE = Automatic;
				CURRENT_PROJECT_VERSION = 1;
				DEVELOPMENT_TEAM = N5B5236N46;
				GENERATE_INFOPLIST_FILE = YES;
				MARKETING_VERSION = 1.0;
				PRODUCT_BUNDLE_IDENTIFIER = com.sancricca.ForecastAppUITests;
				PRODUCT_NAME = "$(TARGET_NAME)";
				SWIFT_EMIT_LOC_STRINGS = NO;
				SWIFT_VERSION = 5.0;
				TARGETED_DEVICE_FAMILY = "1,2";
				TEST_TARGET_NAME = ForecastApp;
			};
			name = Debug;
		};
		F6D5F8C228673D50006C6E01 /* Release */ = {
			isa = XCBuildConfiguration;
			baseConfigurationReference = 812A6835A18BEF27B1E6079F /* Pods-ForecastApp-ForecastAppUITests.release.xcconfig */;
			buildSettings = {
				ALWAYS_EMBED_SWIFT_STANDARD_LIBRARIES = YES;
				CODE_SIGN_STYLE = Automatic;
				CURRENT_PROJECT_VERSION = 1;
				DEVELOPMENT_TEAM = N5B5236N46;
				GENERATE_INFOPLIST_FILE = YES;
				MARKETING_VERSION = 1.0;
				PRODUCT_BUNDLE_IDENTIFIER = com.sancricca.ForecastAppUITests;
				PRODUCT_NAME = "$(TARGET_NAME)";
				SWIFT_EMIT_LOC_STRINGS = NO;
				SWIFT_VERSION = 5.0;
				TARGETED_DEVICE_FAMILY = "1,2";
				TEST_TARGET_NAME = ForecastApp;
			};
			name = Release;
		};
/* End XCBuildConfiguration section */

/* Begin XCConfigurationList section */
		F6D5F88828673D4E006C6E01 /* Build configuration list for PBXProject "ForecastApp" */ = {
			isa = XCConfigurationList;
			buildConfigurations = (
				F6D5F8B828673D50006C6E01 /* Debug */,
				F6D5F8B928673D50006C6E01 /* Release */,
			);
			defaultConfigurationIsVisible = 0;
			defaultConfigurationName = Release;
		};
		F6D5F8BA28673D50006C6E01 /* Build configuration list for PBXNativeTarget "ForecastApp" */ = {
			isa = XCConfigurationList;
			buildConfigurations = (
				F6D5F8BB28673D50006C6E01 /* Debug */,
				F6D5F8BC28673D50006C6E01 /* Release */,
			);
			defaultConfigurationIsVisible = 0;
			defaultConfigurationName = Release;
		};
		F6D5F8BD28673D50006C6E01 /* Build configuration list for PBXNativeTarget "ForecastAppTests" */ = {
			isa = XCConfigurationList;
			buildConfigurations = (
				F6D5F8BE28673D50006C6E01 /* Debug */,
				F6D5F8BF28673D50006C6E01 /* Release */,
			);
			defaultConfigurationIsVisible = 0;
			defaultConfigurationName = Release;
		};
		F6D5F8C028673D50006C6E01 /* Build configuration list for PBXNativeTarget "ForecastAppUITests" */ = {
			isa = XCConfigurationList;
			buildConfigurations = (
				F6D5F8C128673D50006C6E01 /* Debug */,
				F6D5F8C228673D50006C6E01 /* Release */,
			);
			defaultConfigurationIsVisible = 0;
			defaultConfigurationName = Release;
		};
/* End XCConfigurationList section */

/* Begin XCVersionGroup section */
		F6D5F89928673D4E006C6E01 /* ForecastApp.xcdatamodeld */ = {
			isa = XCVersionGroup;
			children = (
				F6D5F89A28673D4E006C6E01 /* ForecastApp.xcdatamodel */,
			);
			currentVersion = F6D5F89A28673D4E006C6E01 /* ForecastApp.xcdatamodel */;
			path = ForecastApp.xcdatamodeld;
			sourceTree = "<group>";
			versionGroupType = wrapper.xcdatamodel;
		};
/* End XCVersionGroup section */
	};
	rootObject = F6D5F88528673D4E006C6E01 /* Project object */;
}
